<?xml version="1.0" encoding="utf-8"?>
<Project ToolsVersion="4.0" xmlns="http://schemas.microsoft.com/developer/msbuild/2003">
  <ItemGroup>
    <Filter Include="Source Files">
      <UniqueIdentifier>{4FC737F1-C7A5-4376-A066-2A32D752A2FF}</UniqueIdentifier>
      <Extensions>cpp;c;cc;cxx;def;odl;idl;hpj;bat;asm;asmx</Extensions>
    </Filter>
    <Filter Include="Header Files">
      <UniqueIdentifier>{93995380-89BD-4b04-88EB-625FBE52EBFB}</UniqueIdentifier>
      <Extensions>h;hh;hpp;hxx;hm;inl;inc;xsd</Extensions>
    </Filter>
    <Filter Include="Resource Files">
      <UniqueIdentifier>{67DA6AB6-F800-4c08-8B7A-83BB121AAD01}</UniqueIdentifier>
      <Extensions>rc;ico;cur;bmp;dlg;rc2;rct;bin;rgs;gif;jpg;jpeg;jpe;resx;tiff;tif;png;wav;mfcribbon-ms</Extensions>
    </Filter>
  </ItemGroup>
  <ItemGroup>
    <ClInclude Include="stdafx.h">
      <Filter>Header Files</Filter>
    </ClInclude>
    <ClInclude Include="targetver.h">
      <Filter>Header Files</Filter>
    </ClInclude>
    <ClInclude Include="DObject.h">
      <Filter>Header Files</Filter>
    </ClInclude>
    <ClInclude Include="DReference.h">
      <Filter>Header Files</Filter>
    </ClInclude>
    <ClInclude Include="DDefinition.h">
      <Filter>Header Files</Filter>
    </ClInclude>
    <ClInclude Include="DManager.h">
      <Filter>Header Files</Filter>
    </ClInclude>
    <ClInclude Include="DEngineManager.h">
      <Filter>Header Files</Filter>
    </ClInclude>
    <ClInclude Include="DEventManager.h">
      <Filter>Header Files</Filter>
    </ClInclude>
    <ClInclude Include="DEventHandler.h">
      <Filter>Header Files</Filter>
    </ClInclude>
    <ClInclude Include="DDebugManager.h">
      <Filter>Header Files</Filter>
    </ClInclude>
    <ClInclude Include="DException.h">
      <Filter>Header Files</Filter>
    </ClInclude>
    <ClInclude Include="DUtil.h">
      <Filter>Header Files</Filter>
    </ClInclude>
    <ClInclude Include="DConfigManager.h">
      <Filter>Header Files</Filter>
    </ClInclude>
    <ClInclude Include="DIOStream.h">
      <Filter>Header Files</Filter>
    </ClInclude>
    <ClInclude Include="DIOJSONFileStream.h">
      <Filter>Header Files</Filter>
    </ClInclude>
    <ClInclude Include="DIOException.h">
      <Filter>Header Files</Filter>
    </ClInclude>
    <ClInclude Include="DCoreConfigManager.h">
      <Filter>Header Files</Filter>
    </ClInclude>
  </ItemGroup>
  <ItemGroup>
    <ClCompile Include="stdafx.cpp">
      <Filter>Source Files</Filter>
    </ClCompile>
    <ClCompile Include="DObject.cpp">
      <Filter>Source Files</Filter>
    </ClCompile>
    <ClCompile Include="DReference.cpp">
      <Filter>Source Files</Filter>
    </ClCompile>
    <ClCompile Include="DManager.cpp">
      <Filter>Source Files</Filter>
    </ClCompile>
    <ClCompile Include="DEngineManager.cpp">
      <Filter>Source Files</Filter>
    </ClCompile>
    <ClCompile Include="DEventManager.cpp">
      <Filter>Source Files</Filter>
    </ClCompile>
    <ClCompile Include="DEventHandler.cpp">
      <Filter>Source Files</Filter>
    </ClCompile>
    <ClCompile Include="DDebugManager.cpp">
      <Filter>Source Files</Filter>
    </ClCompile>
    <ClCompile Include="DException.cpp">
      <Filter>Source Files</Filter>
    </ClCompile>
    <ClCompile Include="DUtil.cpp">
      <Filter>Source Files</Filter>
    </ClCompile>
    <ClCompile Include="DConfigManager.cpp">
      <Filter>Source Files</Filter>
    </ClCompile>
    <ClCompile Include="DIOStream.cpp">
      <Filter>Source Files</Filter>
    </ClCompile>
    <ClCompile Include="DIOJSONFileStream.cpp">
      <Filter>Source Files</Filter>
    </ClCompile>
    <ClCompile Include="DIOException.cpp">
      <Filter>Source Files</Filter>
    </ClCompile>
    <ClCompile Include="DCoreConfigManager.cpp">
      <Filter>Source Files</Filter>
    </ClCompile>
  </ItemGroup>
</Project>